
Microsoft Visual Studio Solution File, Format Version 12.00
# Visual Studio Version 17
VisualStudioVersion = 17.7.34024.191
MinimumVisualStudioVersion = 10.0.40219.1
Project("{FAE04EC0-301F-11D3-BF4B-00C04F79EFBC}") = "numeroprimo", "numeroprimo\numeroprimo.csproj", "{C0BCD57D-4C24-4140-951F-805657CF9B40}"
EndProject
Global
	GlobalSection(SolutionConfigurationPlatforms) = preSolution
		Debug|Any CPU = Debug|Any CPU
		Release|Any CPU = Release|Any CPU
	EndGlobalSection
	GlobalSection(ProjectConfigurationPlatforms) = postSolution
		{C0BCD57D-4C24-4140-951F-805657CF9B40}.Debug|Any CPU.ActiveCfg = Debug|Any CPU
		{C0BCD57D-4C24-4140-951F-805657CF9B40}.Debug|Any CPU.Build.0 = Debug|Any CPU
		{C0BCD57D-4C24-4140-951F-805657CF9B40}.Release|Any CPU.ActiveCfg = Release|Any CPU
		{C0BCD57D-4C24-4140-951F-805657CF9B40}.Release|Any CPU.Build.0 = Release|Any CPU
	EndGlobalSection
	GlobalSection(SolutionProperties) = preSolution
		HideSolutionNode = FALSE
	EndGlobalSection
	GlobalSection(ExtensibilityGlobals) = postSolution
		SolutionGuid = {8FE78651-FC34-48AD-A4F5-E362AAFD68E4}
	EndGlobalSection
EndGlobal
